Microsoft Visual Studio Solution File, Format Version 12.00
# Visual Studio Version 17
VisualStudioVersion = 17.5.2.0
MinimumVisualStudioVersion = 10.0.40219.1
Project("{FAE04EC0-301F-11D3-BF4B-00C04F79EFBC}") = "git_lesson", "git_lesson.csproj", "{8A14045F-7003-F7AB-2340-801D2008433A}"
EndProject
Global
	GlobalSection(SolutionConfigurationPlatforms) = preSolution
		Debug|Any CPU = Debug|Any CPU
		Release|Any CPU = Release|Any CPU
	EndGlobalSection
	GlobalSection(ProjectConfigurationPlatforms) = postSolution
		{8A14045F-7003-F7AB-2340-801D2008433A}.Debug|Any CPU.ActiveCfg = Debug|Any CPU
		{8A14045F-7003-F7AB-2340-801D2008433A}.Debug|Any CPU.Build.0 = Debug|Any CPU
		{8A14045F-7003-F7AB-2340-801D2008433A}.Release|Any CPU.ActiveCfg = Release|Any CPU
		{8A14045F-7003-F7AB-2340-801D2008433A}.Release|Any CPU.Build.0 = Release|Any CPU
	EndGlobalSection
	GlobalSection(SolutionProperties) = preSolution
		HideSolutionNode = FALSE
	EndGlobalSection
	GlobalSection(ExtensibilityGlobals) = postSolution
		SolutionGuid = {A3585F50-52CA-4A11-BDA2-EEF761DA7FC6}
	EndGlobalSection
EndGlobal
